
Microsoft Visual Studio Solution File, Format Version 12.00
# Visual Studio Version 17
VisualStudioVersion = 17.11.35327.3
MinimumVisualStudioVersion = 10.0.40219.1
Project("{FAE04EC0-301F-11D3-BF4B-00C04F79EFBC}") = "LutonesSystem", "LutonesSystem\LutonesSystem.csproj", "{0DE12D5D-6D30-4DF6-ACBC-41DE5B870AB9}"
EndProject
Global
	GlobalSection(SolutionConfigurationPlatforms) = preSolution
		Debug|Any CPU = Debug|Any CPU
		Release|Any CPU = Release|Any CPU
	EndGlobalSection
	GlobalSection(ProjectConfigurationPlatforms) = postSolution
		{0DE12D5D-6D30-4DF6-ACBC-41DE5B870AB9}.Debug|Any CPU.ActiveCfg = Debug|Any CPU
		{0DE12D5D-6D30-4DF6-ACBC-41DE5B870AB9}.Debug|Any CPU.Build.0 = Debug|Any CPU
		{0DE12D5D-6D30-4DF6-ACBC-41DE5B870AB9}.Release|Any CPU.ActiveCfg = Release|Any CPU
		{0DE12D5D-6D30-4DF6-ACBC-41DE5B870AB9}.Release|Any CPU.Build.0 = Release|Any CPU
	EndGlobalSection
	GlobalSection(SolutionProperties) = preSolution
		HideSolutionNode = FALSE
	EndGlobalSection
	GlobalSection(ExtensibilityGlobals) = postSolution
		SolutionGuid = {216E5622-B1BE-461C-A1DC-392AA5CC901E}
	EndGlobalSection
EndGlobal
